
Microsoft Visual Studio Solution File, Format Version 12.00
# Visual Studio Version 16
VisualStudioVersion = 16.0.29519.181
MinimumVisualStudioVersion = 10.0.40219.1
Project("{9A19103F-16F7-4668-BE54-9A1E7A4F7556}") = "Interfaces", "Interfaces\Interfaces.csproj", "{20335C3A-2108-4BD2-A49D-E2AEB786A1F1}"
EndProject
Project("{FAE04EC0-301F-11D3-BF4B-00C04F79EFBC}") = "Interfaces.ConsoleApp", "Interfaces.ConsoleApp\Interfaces.ConsoleApp.csproj", "{8290F0AB-582D-40AC-9876-A4D2186CAEAF}"
EndProject
Global
	GlobalSection(SolutionConfigurationPlatforms) = preSolution
		Debug|Any CPU = Debug|Any CPU
		Release|Any CPU = Release|Any CPU
	EndGlobalSection
	GlobalSection(ProjectConfigurationPlatforms) = postSolution
		{20335C3A-2108-4BD2-A49D-E2AEB786A1F1}.Debug|Any CPU.ActiveCfg = Debug|Any CPU
		{20335C3A-2108-4BD2-A49D-E2AEB786A1F1}.Debug|Any CPU.Build.0 = Debug|Any CPU
		{20335C3A-2108-4BD2-A49D-E2AEB786A1F1}.Release|Any CPU.ActiveCfg = Release|Any CPU
		{20335C3A-2108-4BD2-A49D-E2AEB786A1F1}.Release|Any CPU.Build.0 = Release|Any CPU
		{8290F0AB-582D-40AC-9876-A4D2186CAEAF}.Debug|Any CPU.ActiveCfg = Debug|Any CPU
		{8290F0AB-582D-40AC-9876-A4D2186CAEAF}.Debug|Any CPU.Build.0 = Debug|Any CPU
		{8290F0AB-582D-40AC-9876-A4D2186CAEAF}.Release|Any CPU.ActiveCfg = Release|Any CPU
		{8290F0AB-582D-40AC-9876-A4D2186CAEAF}.Release|Any CPU.Build.0 = Release|Any CPU
	EndGlobalSection
	GlobalSection(SolutionProperties) = preSolution
		HideSolutionNode = FALSE
	EndGlobalSection
	GlobalSection(ExtensibilityGlobals) = postSolution
		SolutionGuid = {8E9AED99-F64A-4785-B55E-6CF8E1A5CC51}
	EndGlobalSection
EndGlobal
